// !$*UTF8*$!
{
	archiveVersion = 1;
	classes = {
	};
	objectVersion = 46;
	objects = {

/* Begin PBXBuildFile section */
		8E3292781E98104100DC870C /* AppDelegate.swift in Sources */ = {isa = PBXBuildFile; fileRef = 8E3292771E98104100DC870C /* AppDelegate.swift */; };
		8E32927D1E98104100DC870C /* Main.storyboard in Resources */ = {isa = PBXBuildFile; fileRef = 8E32927B1E98104100DC870C /* Main.storyboard */; };
		8E32927F1E98104100DC870C /* Assets.xcassets in Resources */ = {isa = PBXBuildFile; fileRef = 8E32927E1E98104100DC870C /* Assets.xcassets */; };
		8E3292821E98104100DC870C /* LaunchScreen.storyboard in Resources */ = {isa = PBXBuildFile; fileRef = 8E3292801E98104100DC870C /* LaunchScreen.storyboard */; };
		8E32928A1E9811CD00DC870C /* Cell.swift in Sources */ = {isa = PBXBuildFile; fileRef = 8E3292891E9811CD00DC870C /* Cell.swift */; };
		8E32928C1E9812C100DC870C /* TableViewController.swift in Sources */ = {isa = PBXBuildFile; fileRef = 8E32928B1E9812C100DC870C /* TableViewController.swift */; };
/* End PBXBuildFile section */

/* Begin PBXFileReference section */
		8E3292741E98104100DC870C /* UITableViewCellAnimation.app */ = {isa = PBXFileReference; explicitFileType = wrapper.application; includeInIndex = 0; path = UITableViewCellAnimation.app; sourceTree = BUILT_PRODUCTS_DIR; };
		8E3292771E98104100DC870C /* AppDelegate.swift */ = {isa = PBXFileReference; lastKnownFileType = sourcecode.swift; path = AppDelegate.swift; sourceTree = "<group>"; };
		8E32927C1E98104100DC870C /* Base */ = {isa = PBXFileReference; lastKnownFileType = file.storyboard; name = Base; path = Base.lproj/Main.storyboard; sourceTree = "<group>"; };
		8E32927E1E98104100DC870C /* Assets.xcassets */ = {isa = PBXFileReference; lastKnownFileType = folder.assetcatalog; path = Assets.xcassets; sourceTree = "<group>"; };
		8E3292811E98104100DC870C /* Base */ = {isa = PBXFileReference; lastKnownFileType = file.storyboard; name = Base; path = Base.lproj/LaunchScreen.storyboard; sourceTree = "<group>"; };
		8E3292831E98104100DC870C /* Info.plist */ = {isa = PBXFileReference; lastKnownFileType = text.plist.xml; path = Info.plist; sourceTree = "<group>"; };
		8E3292891E9811CD00DC870C /* Cell.swift */ = {isa = PBXFileReference; fileEncoding = 4; lastKnownFileType = sourcecode.swift; path = Cell.swift; sourceTree = "<group>"; };
		8E32928B1E9812C100DC870C /* TableViewController.swift */ = {isa = PBXFileReference; fileEncoding = 4; lastKnownFileType = sourcecode.swift; path = TableViewController.swift; sourceTree = "<group>"; };
/* End PBXFileReference section */

/* Begin PBXFrameworksBuildPhase section */
		8E3292711E98104100DC870C /* Frameworks */ = {
			isa = PBXFrameworksBuildPhase;
			buildActionMask = 2147483647;
			files = (
			);
			runOnlyForDeploymentPostprocessing = 0;
		};
/* End PBXFrameworksBuildPhase section */

/* Begin PBXGroup section */
		8E32926B1E98104100DC870C = {
			isa = PBXGroup;
			children = (
				8E3292761E98104100DC870C /* UITableViewCellAnimation */,
				8E3292751E98104100DC870C /* Products */,
			);
			sourceTree = "<group>";
		};
		8E3292751E98104100DC870C /* Products */ = {
			isa = PBXGroup;
			children = (
				8E3292741E98104100DC870C /* UITableViewCellAnimation.app */,
			);
			name = Products;
			sourceTree = "<group>";
		};
		8E3292761E98104100DC870C /* UITableViewCellAnimation */ = {
			isa = PBXGroup;
			children = (
				8E3292771E98104100DC870C /* AppDelegate.swift */,
				8E32927B1E98104100DC870C /* Main.storyboard */,
				8E32927E1E98104100DC870C /* Assets.xcassets */,
				8E3292801E98104100DC870C /* LaunchScreen.storyboard */,
				8E3292831E98104100DC870C /* Info.plist */,
				8E3292891E9811CD00DC870C /* Cell.swift */,
				8E32928B1E9812C100DC870C /* TableViewController.swift */,
			);
			path = UITableViewCellAnimation;
			sourceTree = "<group>";
		};
/* End PBXGroup section */

/* Begin PBXNativeTarget section */
		8E3292731E98104100DC870C /* UITableViewCellAnimation */ = {
			isa = PBXNativeTarget;
			buildConfigurationList = 8E3292861E98104100DC870C /* Build configuration list for PBXNativeTarget "UITableViewCellAnimation" */;
			buildPhases = (
				8E3292701E98104100DC870C /* Sources */,
				8E3292711E98104100DC870C /* Frameworks */,
				8E3292721E98104100DC870C /* Resources */,
			);
			buildRules = (
			);
			dependencies = (
			);
			name = UITableViewCellAnimation;
			productName = UITableViewCellAnimation;
			productReference = 8E3292741E98104100DC870C /* UITableViewCellAnimation.app */;
			productType = "com.apple.product-type.application";
		};
/* End PBXNativeTarget section */

/* Begin PBXProject section */
		8E32926C1E98104100DC870C /* Project object */ = {
			isa = PBXProject;
			attributes = {
				LastSwiftUpdateCheck = 0830;
				LastUpgradeCheck = 0830;
				ORGANIZATIONNAME = "Kamil Burczyk";
				TargetAttributes = {
					8E3292731E98104100DC870C = {
						CreatedOnToolsVersion = 8.3.1;
						ProvisioningStyle = Automatic;
					};
				};
			};
			buildConfigurationList = 8E32926F1E98104100DC870C /* Build configuration list for PBXProject "UITableViewCellAnimation" */;
			compatibilityVersion = "Xcode 3.2";
			developmentRegion = English;
			hasScannedForEncodings = 0;
			knownRegions = (
				en,
				Base,
			);
			mainGroup = 8E32926B1E98104100DC870C;
			productRefGroup = 8E3292751E98104100DC870C /* Products */;
			projectDirPath = "";
			projectRoot = "";
			targets = (
				8E3292731E98104100DC870C /* UITableViewCellAnimation */,
			);
		};
/* End PBXProject section */

/* Begin PBXResourcesBuildPhase section */
		8E3292721E98104100DC870C /* Resources */ = {
			isa = PBXResourcesBuildPhase;
			buildActionMask = 2147483647;
			files = (
				8E3292821E98104100DC870C /* LaunchScreen.storyboard in Resources */,
				8E32927F1E98104100DC870C /* Assets.xcassets in Resources */,
				8E32927D1E98104100DC870C /* Main.storyboard in Resources */,
			);
			runOnlyForDeploymentPostprocessing = 0;
		};
/* End PBXResourcesBuildPhase section */

/* Begin PBXSourcesBuildPhase section */
		8E3292701E98104100DC870C /* Sources */ = {
			isa = PBXSourcesBuildPhase;
			buildActionMask = 2147483647;
			files = (
				8E3292781E98104100DC870C /* AppDelegate.swift in Sources */,
				8E32928A1E9811CD00DC870C /* Cell.swift in Sources */,
				8E32928C1E9812C100DC870C /* TableViewController.swift in Sources */,
			);
			runOnlyForDeploymentPostprocessing = 0;
		};
/* End PBXSourcesBuildPhase section */

/* Begin PBXVariantGroup section */
		8E32927B1E98104100DC870C /* Main.storyboard */ = {
			isa = PBXVariantGroup;
			children = (
				8E32927C1E98104100DC870C /* Base */,
			);
			name = Main.storyboard;
			sourceTree = "<group>";
		};
		8E3292801E98104100DC870C /* LaunchScreen.storyboard */ = {
			isa = PBXVariantGroup;
			children = (
				8E3292811E98104100DC870C /* Base */,
			);
			name = LaunchScreen.storyboard;
			sourceTree = "<group>";
		};
/* End PBXVariantGroup section */

/* Begin XCBuildConfiguration section */
		8E3292841E98104100DC870C /* Debug */ = {
			isa = XCBuildConfiguration;
			buildSettings = {
				ALWAYS_SEARCH_USER_PATHS = NO;
				CLANG_ANALYZER_NONNULL = YES;
				CLANG_ANALYZER_NUMBER_OBJECT_CONVERSION = YES_AGGRESSIVE;
				CLANG_CXX_LANGUAGE_STANDARD = "gnu++0x";
				CLANG_CXX_LIBRARY = "libc++";
				CLANG_ENABLE_MODULES = YES;
				CLANG_ENABLE_OBJC_ARC = YES;
				CLANG_WARN_BOOL_CONVERSION = YES;
				CLANG_WARN_CONSTANT_CONVERSION = YES;
				CLANG_WARN_DIRECT_OBJC_ISA_USAGE = YES_ERROR;
				CLANG_WARN_DOCUMENTATION_COMMENTS = YES;
				CLANG_WARN_EMPTY_BODY = YES;
				CLANG_WARN_ENUM_CONVERSION = YES;
				CLANG_WARN_INFINITE_RECURSION = YES;
				CLANG_WARN_INT_CONVERSION = YES;
				CLANG_WARN_OBJC_ROOT_CLASS = YES_ERROR;
				CLANG_WARN_SUSPICIOUS_MOVE = YES;
				CLANG_WARN_UNREACHABLE_CODE = YES;
				CLANG_WARN__DUPLICATE_METHOD_MATCH = YES;
				"CODE_SIGN_IDENTITY[sdk=iphoneos*]" = "iPhone Developer";
				COPY_PHASE_STRIP = NO;
				DEBUG_INFORMATION_FORMAT = dwarf;
				ENABLE_STRICT_OBJC_MSGSEND = YES;
				ENABLE_TESTABILITY = YES;
				GCC_C_LANGUAGE_STANDARD = gnu99;
				GCC_DYNAMIC_NO_PIC = NO;
				GCC_NO_COMMON_BLOCKS = YES;
				GCC_OPTIMIZATION_LEVEL = 0;
				GCC_PREPROCESSOR_DEFINITIONS = (
					"DEBUG=1",
					"$(inherited)",
				);
				GCC_WARN_64_TO_32_BIT_CONVERSION = YES;
				GCC_WARN_ABOUT_RETURN_TYPE = YES_ERROR;
				GCC_WARN_UNDECLARED_SELECTOR = YES;
				GCC_WARN_UNINITIALIZED_AUTOS = YES_AGGRESSIVE;
				GCC_WARN_UNUSED_FUNCTION = YES;
				GCC_WARN_UNUSED_VARIABLE = YES;
				IPHONEOS_DEPLOYMENT_TARGET = 10.3;
				MTL_ENABLE_DEBUG_INFO = YES;
				ONLY_ACTIVE_ARCH = YES;
				SDKROOT = iphoneos;
				SWIFT_ACTIVE_COMPILATION_CONDITIONS = DEBUG;
				SWIFT_OPTIMIZATION_LEVEL = "-Onone";
				TARGETED_DEVICE_FAMILY = "1,2";
			};
			name = Debug;
		};
		8E3292851E98104100DC870C /* Release */ = {
			isa = XCBuildConfiguration;
			buildSettings = {
				ALWAYS_SEARCH_USER_PATHS = NO;
				CLANG_ANALYZER_NONNULL = YES;
				CLANG_ANALYZER_NUMBER_OBJECT_CONVERSION = YES_AGGRESSIVE;
				CLANG_CXX_LANGUAGE_STANDARD = "gnu++0x";
				CLANG_CXX_LIBRARY = "libc++";
				CLANG_ENABLE_MODULES = YES;
				CLANG_ENABLE_OBJC_ARC = YES;
				CLANG_WARN_BOOL_CONVERSION = YES;
				CLANG_WARN_CONSTANT_CONVERSION = YES;
				CLANG_WARN_DIRECT_OBJC_ISA_USAGE = YES_ERROR;
				CLANG_WARN_DOCUMENTATION_COMMENTS = YES;
				CLANG_WARN_EMPTY_BODY = YES;
				CLANG_WARN_ENUM_CONVERSION = YES;
				CLANG_WARN_INFINITE_RECURSION = YES;
				CLANG_WARN_INT_CONVERSION = YES;
				CLANG_WARN_OBJC_ROOT_CLASS = YES_ERROR;
				CLANG_WARN_SUSPICIOUS_MOVE = YES;
				CLANG_WARN_UNREACHABLE_CODE = YES;
				CLANG_WARN__DUPLICATE_METHOD_MATCH = YES;
				"CODE_SIGN_IDENTITY[sdk=iphoneos*]" = "iPhone Developer";
				COPY_PHASE_STRIP = NO;
				DEBUG_INFORMATION_FORMAT = "dwarf-with-dsym";
				ENABLE_NS_ASSERTIONS = NO;
				ENABLE_STRICT_OBJC_MSGSEND = YES;
				GCC_C_LANGUAGE_STANDARD = gnu99;
				GCC_NO_COMMON_BLOCKS = YES;
				GCC_WARN_64_TO_32_BIT_CONVERSION = YES;
				GCC_WARN_ABOUT_RETURN_TYPE = YES_ERROR;
				GCC_WARN_UNDECLARED_SELECTOR = YES;
				GCC_WARN_UNINITIALIZED_AUTOS = YES_AGGRESSIVE;
				GCC_WARN_UNUSED_FUNCTION = YES;
				GCC_WARN_UNUSED_VARIABLE = YES;
				IPHONEOS_DEPLOYMENT_TARGET = 10.3;
				MTL_ENABLE_DEBUG_INFO = NO;
				SDKROOT = iphoneos;
				SWIFT_OPTIMIZATION_LEVEL = "-Owholemodule";
				TARGETED_DEVICE_FAMILY = "1,2";
				VALIDATE_PRODUCT = YES;
			};
			name = Release;
		};
		8E3292871E98104100DC870C /* Debug */ = {
			isa = XCBuildConfiguration;
			buildSettings = {
				ASSETCATALOG_COMPILER_APPICON_NAME = AppIcon;
				INFOPLIST_FILE = UITableViewCellAnimation/Info.plist;
				LD_RUNPATH_SEARCH_PATHS = "$(inherited) @executable_path/Frameworks";
				PRODUCT_BUNDLE_IDENTIFIER = io.github.burczyk.UITableViewCellAnimation;
				PRODUCT_NAME = "$(TARGET_NAME)";
				SWIFT_VERSION = 3.0;
			};
			name = Debug;
		};
		8E3292881E98104100DC870C /* Release */ = {
			isa = XCBuildConfiguration;
			buildSettings = {
				ASSETCATALOG_COMPILER_APPICON_NAME = AppIcon;
				INFOPLIST_FILE = UITableViewCellAnimation/Info.plist;
				LD_RUNPATH_SEARCH_PATHS = "$(inherited) @executable_path/Frameworks";
				PRODUCT_BUNDLE_IDENTIFIER = io.github.burczyk.UITableViewCellAnimation;
				PRODUCT_NAME = "$(TARGET_NAME)";
				SWIFT_VERSION = 3.0;
			};
			name = Release;
		};
/* End XCBuildConfiguration section */

/* Begin XCConfigurationList section */
		8E32926F1E98104100DC870C /* Build configuration list for PBXProject "UITableViewCellAnimation" */ = {
			isa = XCConfigurationList;
			buildConfigurations = (
				8E3292841E98104100DC870C /* Debug */,
				8E3292851E98104100DC870C /* Release */,
			);
			defaultConfigurationIsVisible = 0;
			defaultConfigurationName = Release;
		};
		8E3292861E98104100DC870C /* Build configuration list for PBXNativeTarget "UITableViewCellAnimation" */ = {
			isa = XCConfigurationList;
			buildConfigurations = (
				8E3292871E98104100DC870C /* Debug */,
				8E3292881E98104100DC870C /* Release */,
			);
			defaultConfigurationIsVisible = 0;
		};
/* End XCConfigurationList section */
	};
	rootObject = 8E32926C1E98104100DC870C /* Project object */;
}
